
Microsoft Visual Studio Solution File, Format Version 12.00
# Visual Studio Version 17
VisualStudioVersion = 17.9.34728.123
MinimumVisualStudioVersion = 10.0.40219.1
Project("{9A19103F-16F7-4668-BE54-9A1E7A4F7556}") = "TestTaskIIcoServer", "TestTaskIIco\TestTaskIIcoServer.csproj", "{1C0802EF-1C9E-43BA-A397-D9FFAF78F6A3}"
EndProject
Project("{FAE04EC0-301F-11D3-BF4B-00C04F79EFBC}") = "Database.DAL", "Database.DAL\Database.DAL.csproj", "{BBC2470A-BFCB-4CB0-B46A-00B1369B6DFD}"
EndProject
Project("{FAE04EC0-301F-11D3-BF4B-00C04F79EFBC}") = "Tests", "Tests\Tests.csproj", "{53C438F9-80FA-43F9-9255-6E37DE66400A}"
EndProject
Global
	GlobalSection(SolutionConfigurationPlatforms) = preSolution
		Debug|Any CPU = Debug|Any CPU
		Release|Any CPU = Release|Any CPU
	EndGlobalSection
	GlobalSection(ProjectConfigurationPlatforms) = postSolution
		{1C0802EF-1C9E-43BA-A397-D9FFAF78F6A3}.Debug|Any CPU.ActiveCfg = Debug|Any CPU
		{1C0802EF-1C9E-43BA-A397-D9FFAF78F6A3}.Debug|Any CPU.Build.0 = Debug|Any CPU
		{1C0802EF-1C9E-43BA-A397-D9FFAF78F6A3}.Release|Any CPU.ActiveCfg = Release|Any CPU
		{1C0802EF-1C9E-43BA-A397-D9FFAF78F6A3}.Release|Any CPU.Build.0 = Release|Any CPU
		{BBC2470A-BFCB-4CB0-B46A-00B1369B6DFD}.Debug|Any CPU.ActiveCfg = Debug|Any CPU
		{BBC2470A-BFCB-4CB0-B46A-00B1369B6DFD}.Debug|Any CPU.Build.0 = Debug|Any CPU
		{BBC2470A-BFCB-4CB0-B46A-00B1369B6DFD}.Release|Any CPU.ActiveCfg = Release|Any CPU
		{BBC2470A-BFCB-4CB0-B46A-00B1369B6DFD}.Release|Any CPU.Build.0 = Release|Any CPU
		{53C438F9-80FA-43F9-9255-6E37DE66400A}.Debug|Any CPU.ActiveCfg = Debug|Any CPU
		{53C438F9-80FA-43F9-9255-6E37DE66400A}.Debug|Any CPU.Build.0 = Debug|Any CPU
		{53C438F9-80FA-43F9-9255-6E37DE66400A}.Release|Any CPU.ActiveCfg = Release|Any CPU
		{53C438F9-80FA-43F9-9255-6E37DE66400A}.Release|Any CPU.Build.0 = Release|Any CPU
	EndGlobalSection
	GlobalSection(SolutionProperties) = preSolution
		HideSolutionNode = FALSE
	EndGlobalSection
	GlobalSection(ExtensibilityGlobals) = postSolution
		SolutionGuid = {47980930-9979-4842-BB2D-EDF3121CBAD8}
	EndGlobalSection
EndGlobal
